// !$*UTF8*$!
{
	archiveVersion = 1;
	classes = {
	};
	objectVersion = 50;
	objects = {

/* Begin PBXBuildFile section */
		FA7194D4247D771A00E7DA16 /* Neighborhood.swift in Sources */ = {isa = PBXBuildFile; fileRef = FA7194D3247D771A00E7DA16 /* Neighborhood.swift */; };
		FA7194D6247D7A1200E7DA16 /* Grid.swift in Sources */ = {isa = PBXBuildFile; fileRef = FA7194D5247D7A1200E7DA16 /* Grid.swift */; };
		FA7194D9247DAA3D00E7DA16 /* CellController.swift in Sources */ = {isa = PBXBuildFile; fileRef = FA7194D8247DAA3D00E7DA16 /* CellController.swift */; };
		FA7194DB247DBCDE00E7DA16 /* Coordinates.swift in Sources */ = {isa = PBXBuildFile; fileRef = FA7194DA247DBCDE00E7DA16 /* Coordinates.swift */; };
		FABCE62F247C8234007F230D /* AppDelegate.swift in Sources */ = {isa = PBXBuildFile; fileRef = FABCE62E247C8234007F230D /* AppDelegate.swift */; };
		FABCE631247C8234007F230D /* SceneDelegate.swift in Sources */ = {isa = PBXBuildFile; fileRef = FABCE630247C8234007F230D /* SceneDelegate.swift */; };
		FABCE636247C8234007F230D /* Main.storyboard in Resources */ = {isa = PBXBuildFile; fileRef = FABCE634247C8234007F230D /* Main.storyboard */; };
		FABCE638247C8236007F230D /* Assets.xcassets in Resources */ = {isa = PBXBuildFile; fileRef = FABCE637247C8236007F230D /* Assets.xcassets */; };
		FABCE63B247C8236007F230D /* LaunchScreen.storyboard in Resources */ = {isa = PBXBuildFile; fileRef = FABCE639247C8236007F230D /* LaunchScreen.storyboard */; };
		FABCE648247C88CC007F230D /* GridViewController.swift in Sources */ = {isa = PBXBuildFile; fileRef = FABCE647247C88CC007F230D /* GridViewController.swift */; };
		FAEEE437247D6F0100CCA425 /* Cell.swift in Sources */ = {isa = PBXBuildFile; fileRef = FAEEE436247D6F0100CCA425 /* Cell.swift */; };
		FAEEE439247D6F7800CCA425 /* CellState.swift in Sources */ = {isa = PBXBuildFile; fileRef = FAEEE438247D6F7800CCA425 /* CellState.swift */; };
/* End PBXBuildFile section */

/* Begin PBXFileReference section */
		FA7194D3247D771A00E7DA16 /* Neighborhood.swift */ = {isa = PBXFileReference; lastKnownFileType = sourcecode.swift; path = Neighborhood.swift; sourceTree = "<group>"; };
		FA7194D5247D7A1200E7DA16 /* Grid.swift */ = {isa = PBXFileReference; lastKnownFileType = sourcecode.swift; path = Grid.swift; sourceTree = "<group>"; };
		FA7194D8247DAA3D00E7DA16 /* CellController.swift */ = {isa = PBXFileReference; lastKnownFileType = sourcecode.swift; path = CellController.swift; sourceTree = "<group>"; };
		FA7194DA247DBCDE00E7DA16 /* Coordinates.swift */ = {isa = PBXFileReference; lastKnownFileType = sourcecode.swift; path = Coordinates.swift; sourceTree = "<group>"; };
		FABCE62B247C8234007F230D /* Conway's Game of Life.app */ = {isa = PBXFileReference; explicitFileType = wrapper.application; includeInIndex = 0; path = "Conway's Game of Life.app"; sourceTree = BUILT_PRODUCTS_DIR; };
		FABCE62E247C8234007F230D /* AppDelegate.swift */ = {isa = PBXFileReference; lastKnownFileType = sourcecode.swift; path = AppDelegate.swift; sourceTree = "<group>"; };
		FABCE630247C8234007F230D /* SceneDelegate.swift */ = {isa = PBXFileReference; lastKnownFileType = sourcecode.swift; path = SceneDelegate.swift; sourceTree = "<group>"; };
		FABCE635247C8234007F230D /* Base */ = {isa = PBXFileReference; lastKnownFileType = file.storyboard; name = Base; path = Base.lproj/Main.storyboard; sourceTree = "<group>"; };
		FABCE637247C8236007F230D /* Assets.xcassets */ = {isa = PBXFileReference; lastKnownFileType = folder.assetcatalog; path = Assets.xcassets; sourceTree = "<group>"; };
		FABCE63A247C8236007F230D /* Base */ = {isa = PBXFileReference; lastKnownFileType = file.storyboard; name = Base; path = Base.lproj/LaunchScreen.storyboard; sourceTree = "<group>"; };
		FABCE63C247C8236007F230D /* Info.plist */ = {isa = PBXFileReference; lastKnownFileType = text.plist.xml; path = Info.plist; sourceTree = "<group>"; };
		FABCE647247C88CC007F230D /* GridViewController.swift */ = {isa = PBXFileReference; lastKnownFileType = sourcecode.swift; path = GridViewController.swift; sourceTree = "<group>"; };
		FAEEE436247D6F0100CCA425 /* Cell.swift */ = {isa = PBXFileReference; lastKnownFileType = sourcecode.swift; path = Cell.swift; sourceTree = "<group>"; };
		FAEEE438247D6F7800CCA425 /* CellState.swift */ = {isa = PBXFileReference; lastKnownFileType = sourcecode.swift; path = CellState.swift; sourceTree = "<group>"; };
/* End PBXFileReference section */

/* Begin PBXFrameworksBuildPhase section */
		FABCE628247C8234007F230D /* Frameworks */ = {
			isa = PBXFrameworksBuildPhase;
			buildActionMask = 2147483647;
			files = (
			);
			runOnlyForDeploymentPostprocessing = 0;
		};
/* End PBXFrameworksBuildPhase section */

/* Begin PBXGroup section */
		FA7194D7247DAA1B00E7DA16 /* Model Controllers */ = {
			isa = PBXGroup;
			children = (
				FA7194D8247DAA3D00E7DA16 /* CellController.swift */,
			);
			path = "Model Controllers";
			sourceTree = "<group>";
		};
		FABCE622247C8234007F230D = {
			isa = PBXGroup;
			children = (
				FABCE646247C827B007F230D /* Storyboards */,
				FABCE64B247C8992007F230D /* SwiftUI VIews */,
				FABCE645247C8272007F230D /* View Controllers */,
				FABCE644247C826D007F230D /* Views */,
				FA7194D7247DAA1B00E7DA16 /* Model Controllers */,
				FABCE643247C8266007F230D /* Models */,
				FABCE642247C825D007F230D /* Helpers */,
				FABCE62D247C8234007F230D /* Conway's Game of Life */,
				FABCE62C247C8234007F230D /* Products */,
			);
			sourceTree = "<group>";
		};
		FABCE62C247C8234007F230D /* Products */ = {
			isa = PBXGroup;
			children = (
				FABCE62B247C8234007F230D /* Conway's Game of Life.app */,
			);
			name = Products;
			sourceTree = "<group>";
		};
		FABCE62D247C8234007F230D /* Conway's Game of Life */ = {
			isa = PBXGroup;
			children = (
				FABCE62E247C8234007F230D /* AppDelegate.swift */,
				FABCE630247C8234007F230D /* SceneDelegate.swift */,
				FABCE637247C8236007F230D /* Assets.xcassets */,
				FABCE63C247C8236007F230D /* Info.plist */,
			);
			path = "Conway's Game of Life";
			sourceTree = "<group>";
		};
		FABCE642247C825D007F230D /* Helpers */ = {
			isa = PBXGroup;
			children = (
				FAEEE438247D6F7800CCA425 /* CellState.swift */,
				FA7194D3247D771A00E7DA16 /* Neighborhood.swift */,
				FA7194DA247DBCDE00E7DA16 /* Coordinates.swift */,
			);
			path = Helpers;
			sourceTree = "<group>";
		};
		FABCE643247C8266007F230D /* Models */ = {
			isa = PBXGroup;
			children = (
				FAEEE436247D6F0100CCA425 /* Cell.swift */,
				FA7194D5247D7A1200E7DA16 /* Grid.swift */,
			);
			path = Models;
			sourceTree = "<group>";
		};
		FABCE644247C826D007F230D /* Views */ = {
			isa = PBXGroup;
			children = (
			);
			path = Views;
			sourceTree = "<group>";
		};
		FABCE645247C8272007F230D /* View Controllers */ = {
			isa = PBXGroup;
			children = (
				FABCE647247C88CC007F230D /* GridViewController.swift */,
			);
			path = "View Controllers";
			sourceTree = "<group>";
		};
		FABCE646247C827B007F230D /* Storyboards */ = {
			isa = PBXGroup;
			children = (
				FABCE634247C8234007F230D /* Main.storyboard */,
				FABCE639247C8236007F230D /* LaunchScreen.storyboard */,
			);
			path = Storyboards;
			sourceTree = "<group>";
		};
		FABCE64B247C8992007F230D /* SwiftUI VIews */ = {
			isa = PBXGroup;
			children = (
			);
			path = "SwiftUI VIews";
			sourceTree = "<group>";
		};
/* End PBXGroup section */

/* Begin PBXNativeTarget section */
		FABCE62A247C8234007F230D /* Conway's Game of Life */ = {
			isa = PBXNativeTarget;
			buildConfigurationList = FABCE63F247C8236007F230D /* Build configuration list for PBXNativeTarget "Conway's Game of Life" */;
			buildPhases = (
				FABCE627247C8234007F230D /* Sources */,
				FABCE628247C8234007F230D /* Frameworks */,
				FABCE629247C8234007F230D /* Resources */,
			);
			buildRules = (
			);
			dependencies = (
			);
			name = "Conway's Game of Life";
			productName = "Conway's Game of Life";
			productReference = FABCE62B247C8234007F230D /* Conway's Game of Life.app */;
			productType = "com.apple.product-type.application";
		};
/* End PBXNativeTarget section */

/* Begin PBXProject section */
		FABCE623247C8234007F230D /* Project object */ = {
			isa = PBXProject;
			attributes = {
				LastSwiftUpdateCheck = 1140;
				LastUpgradeCheck = 1140;
				ORGANIZATIONNAME = WilmaRodriguez;
				TargetAttributes = {
					FABCE62A247C8234007F230D = {
						CreatedOnToolsVersion = 11.4.1;
					};
				};
			};
			buildConfigurationList = FABCE626247C8234007F230D /* Build configuration list for PBXProject "Conway's Game of Life" */;
			compatibilityVersion = "Xcode 9.3";
			developmentRegion = en;
			hasScannedForEncodings = 0;
			knownRegions = (
				en,
				Base,
			);
			mainGroup = FABCE622247C8234007F230D;
			productRefGroup = FABCE62C247C8234007F230D /* Products */;
			projectDirPath = "";
			projectRoot = "";
			targets = (
				FABCE62A247C8234007F230D /* Conway's Game of Life */,
			);
		};
/* End PBXProject section */

/* Begin PBXResourcesBuildPhase section */
		FABCE629247C8234007F230D /* Resources */ = {
			isa = PBXResourcesBuildPhase;
			buildActionMask = 2147483647;
			files = (
				FABCE63B247C8236007F230D /* LaunchScreen.storyboard in Resources */,
				FABCE638247C8236007F230D /* Assets.xcassets in Resources */,
				FABCE636247C8234007F230D /* Main.storyboard in Resources */,
			);
			runOnlyForDeploymentPostprocessing = 0;
		};
/* End PBXResourcesBuildPhase section */

/* Begin PBXSourcesBuildPhase section */
		FABCE627247C8234007F230D /* Sources */ = {
			isa = PBXSourcesBuildPhase;
			buildActionMask = 2147483647;
			files = (
				FABCE62F247C8234007F230D /* AppDelegate.swift in Sources */,
				FAEEE439247D6F7800CCA425 /* CellState.swift in Sources */,
				FAEEE437247D6F0100CCA425 /* Cell.swift in Sources */,
				FA7194D9247DAA3D00E7DA16 /* CellController.swift in Sources */,
				FA7194D4247D771A00E7DA16 /* Neighborhood.swift in Sources */,
				FABCE631247C8234007F230D /* SceneDelegate.swift in Sources */,
				FA7194DB247DBCDE00E7DA16 /* Coordinates.swift in Sources */,
				FA7194D6247D7A1200E7DA16 /* Grid.swift in Sources */,
				FABCE648247C88CC007F230D /* GridViewController.swift in Sources */,
			);
			runOnlyForDeploymentPostprocessing = 0;
		};
/* End PBXSourcesBuildPhase section */

/* Begin PBXVariantGroup section */
		FABCE634247C8234007F230D /* Main.storyboard */ = {
			isa = PBXVariantGroup;
			children = (
				FABCE635247C8234007F230D /* Base */,
			);
			name = Main.storyboard;
			sourceTree = "<group>";
		};
		FABCE639247C8236007F230D /* LaunchScreen.storyboard */ = {
			isa = PBXVariantGroup;
			children = (
				FABCE63A247C8236007F230D /* Base */,
			);
			name = LaunchScreen.storyboard;
			sourceTree = "<group>";
		};
/* End PBXVariantGroup section */

/* Begin XCBuildConfiguration section */
		FABCE63D247C8236007F230D /* Debug */ = {
			isa = XCBuildConfiguration;
			buildSettings = {
				ALWAYS_SEARCH_USER_PATHS = NO;
				CLANG_ANALYZER_NONNULL = YES;
				CLANG_ANALYZER_NUMBER_OBJECT_CONVERSION = YES_AGGRESSIVE;
				CLANG_CXX_LANGUAGE_STANDARD = "gnu++14";
				CLANG_CXX_LIBRARY = "libc++";
				CLANG_ENABLE_MODULES = YES;
				CLANG_ENABLE_OBJC_ARC = YES;
				CLANG_ENABLE_OBJC_WEAK = YES;
				CLANG_WARN_BLOCK_CAPTURE_AUTORELEASING = YES;
				CLANG_WARN_BOOL_CONVERSION = YES;
				CLANG_WARN_COMMA = YES;
				CLANG_WARN_CONSTANT_CONVERSION = YES;
				CLANG_WARN_DEPRECATED_OBJC_IMPLEMENTATIONS = YES;
				CLANG_WARN_DIRECT_OBJC_ISA_USAGE = YES_ERROR;
				CLANG_WARN_DOCUMENTATION_COMMENTS = YES;
				CLANG_WARN_EMPTY_BODY = YES;
				CLANG_WARN_ENUM_CONVERSION = YES;
				CLANG_WARN_INFINITE_RECURSION = YES;
				CLANG_WARN_INT_CONVERSION = YES;
				CLANG_WARN_NON_LITERAL_NULL_CONVERSION = YES;
				CLANG_WARN_OBJC_IMPLICIT_RETAIN_SELF = YES;
				CLANG_WARN_OBJC_LITERAL_CONVERSION = YES;
				CLANG_WARN_OBJC_ROOT_CLASS = YES_ERROR;
				CLANG_WARN_RANGE_LOOP_ANALYSIS = YES;
				CLANG_WARN_STRICT_PROTOTYPES = YES;
				CLANG_WARN_SUSPICIOUS_MOVE = YES;
				CLANG_WARN_UNGUARDED_AVAILABILITY = YES_AGGRESSIVE;
				CLANG_WARN_UNREACHABLE_CODE = YES;
				CLANG_WARN__DUPLICATE_METHOD_MATCH = YES;
				COPY_PHASE_STRIP = NO;
				DEBUG_INFORMATION_FORMAT = dwarf;
				ENABLE_STRICT_OBJC_MSGSEND = YES;
				ENABLE_TESTABILITY = YES;
				GCC_C_LANGUAGE_STANDARD = gnu11;
				GCC_DYNAMIC_NO_PIC = NO;
				GCC_NO_COMMON_BLOCKS = YES;
				GCC_OPTIMIZATION_LEVEL = 0;
				GCC_PREPROCESSOR_DEFINITIONS = (
					"DEBUG=1",
					"$(inherited)",
				);
				GCC_WARN_64_TO_32_BIT_CONVERSION = YES;
				GCC_WARN_ABOUT_RETURN_TYPE = YES_ERROR;
				GCC_WARN_UNDECLARED_SELECTOR = YES;
				GCC_WARN_UNINITIALIZED_AUTOS = YES_AGGRESSIVE;
				GCC_WARN_UNUSED_FUNCTION = YES;
				GCC_WARN_UNUSED_VARIABLE = YES;
				IPHONEOS_DEPLOYMENT_TARGET = 13.4;
				MTL_ENABLE_DEBUG_INFO = INCLUDE_SOURCE;
				MTL_FAST_MATH = YES;
				ONLY_ACTIVE_ARCH = YES;
				SDKROOT = iphoneos;
				SWIFT_ACTIVE_COMPILATION_CONDITIONS = DEBUG;
				SWIFT_OPTIMIZATION_LEVEL = "-Onone";
			};
			name = Debug;
		};
		FABCE63E247C8236007F230D /* Release */ = {
			isa = XCBuildConfiguration;
			buildSettings = {
				ALWAYS_SEARCH_USER_PATHS = NO;
				CLANG_ANALYZER_NONNULL = YES;
				CLANG_ANALYZER_NUMBER_OBJECT_CONVERSION = YES_AGGRESSIVE;
				CLANG_CXX_LANGUAGE_STANDARD = "gnu++14";
				CLANG_CXX_LIBRARY = "libc++";
				CLANG_ENABLE_MODULES = YES;
				CLANG_ENABLE_OBJC_ARC = YES;
				CLANG_ENABLE_OBJC_WEAK = YES;
				CLANG_WARN_BLOCK_CAPTURE_AUTORELEASING = YES;
				CLANG_WARN_BOOL_CONVERSION = YES;
				CLANG_WARN_COMMA = YES;
				CLANG_WARN_CONSTANT_CONVERSION = YES;
				CLANG_WARN_DEPRECATED_OBJC_IMPLEMENTATIONS = YES;
				CLANG_WARN_DIRECT_OBJC_ISA_USAGE = YES_ERROR;
				CLANG_WARN_DOCUMENTATION_COMMENTS = YES;
				CLANG_WARN_EMPTY_BODY = YES;
				CLANG_WARN_ENUM_CONVERSION = YES;
				CLANG_WARN_INFINITE_RECURSION = YES;
				CLANG_WARN_INT_CONVERSION = YES;
				CLANG_WARN_NON_LITERAL_NULL_CONVERSION = YES;
				CLANG_WARN_OBJC_IMPLICIT_RETAIN_SELF = YES;
				CLANG_WARN_OBJC_LITERAL_CONVERSION = YES;
				CLANG_WARN_OBJC_ROOT_CLASS = YES_ERROR;
				CLANG_WARN_RANGE_LOOP_ANALYSIS = YES;
				CLANG_WARN_STRICT_PROTOTYPES = YES;
				CLANG_WARN_SUSPICIOUS_MOVE = YES;
				CLANG_WARN_UNGUARDED_AVAILABILITY = YES_AGGRESSIVE;
				CLANG_WARN_UNREACHABLE_CODE = YES;
				CLANG_WARN__DUPLICATE_METHOD_MATCH = YES;
				COPY_PHASE_STRIP = NO;
				DEBUG_INFORMATION_FORMAT = "dwarf-with-dsym";
				ENABLE_NS_ASSERTIONS = NO;
				ENABLE_STRICT_OBJC_MSGSEND = YES;
				GCC_C_LANGUAGE_STANDARD = gnu11;
				GCC_NO_COMMON_BLOCKS = YES;
				GCC_WARN_64_TO_32_BIT_CONVERSION = YES;
				GCC_WARN_ABOUT_RETURN_TYPE = YES_ERROR;
				GCC_WARN_UNDECLARED_SELECTOR = YES;
				GCC_WARN_UNINITIALIZED_AUTOS = YES_AGGRESSIVE;
				GCC_WARN_UNUSED_FUNCTION = YES;
				GCC_WARN_UNUSED_VARIABLE = YES;
				IPHONEOS_DEPLOYMENT_TARGET = 13.4;
				MTL_ENABLE_DEBUG_INFO = NO;
				MTL_FAST_MATH = YES;
				SDKROOT = iphoneos;
				SWIFT_COMPILATION_MODE = wholemodule;
				SWIFT_OPTIMIZATION_LEVEL = "-O";
				VALIDATE_PRODUCT = YES;
			};
			name = Release;
		};
		FABCE640247C8236007F230D /* Debug */ = {
			isa = XCBuildConfiguration;
			buildSettings = {
				ASSETCATALOG_COMPILER_APPICON_NAME = AppIcon;
				CODE_SIGN_STYLE = Automatic;
				DEVELOPMENT_TEAM = YQ69KMC87V;
				INFOPLIST_FILE = "Conway's Game of Life/Info.plist";
				LD_RUNPATH_SEARCH_PATHS = (
					"$(inherited)",
					"@executable_path/Frameworks",
				);
				PRODUCT_BUNDLE_IDENTIFIER = "com.wilmarodriguez.Conway-s-Game-of-Life";
				PRODUCT_NAME = "$(TARGET_NAME)";
				SWIFT_VERSION = 5.0;
				TARGETED_DEVICE_FAMILY = "1,2";
			};
			name = Debug;
		};
		FABCE641247C8236007F230D /* Release */ = {
			isa = XCBuildConfiguration;
			buildSettings = {
				ASSETCATALOG_COMPILER_APPICON_NAME = AppIcon;
				CODE_SIGN_STYLE = Automatic;
				DEVELOPMENT_TEAM = YQ69KMC87V;
				INFOPLIST_FILE = "Conway's Game of Life/Info.plist";
				LD_RUNPATH_SEARCH_PATHS = (
					"$(inherited)",
					"@executable_path/Frameworks",
				);
				PRODUCT_BUNDLE_IDENTIFIER = "com.wilmarodriguez.Conway-s-Game-of-Life";
				PRODUCT_NAME = "$(TARGET_NAME)";
				SWIFT_VERSION = 5.0;
				TARGETED_DEVICE_FAMILY = "1,2";
			};
			name = Release;
		};
/* End XCBuildConfiguration section */

/* Begin XCConfigurationList section */
		FABCE626247C8234007F230D /* Build configuration list for PBXProject "Conway's Game of Life" */ = {
			isa = XCConfigurationList;
			buildConfigurations = (
				FABCE63D247C8236007F230D /* Debug */,
				FABCE63E247C8236007F230D /* Release */,
			);
			defaultConfigurationIsVisible = 0;
			defaultConfigurationName = Release;
		};
		FABCE63F247C8236007F230D /* Build configuration list for PBXNativeTarget "Conway's Game of Life" */ = {
			isa = XCConfigurationList;
			buildConfigurations = (
				FABCE640247C8236007F230D /* Debug */,
				FABCE641247C8236007F230D /* Release */,
			);
			defaultConfigurationIsVisible = 0;
			defaultConfigurationName = Release;
		};
/* End XCConfigurationList section */
	};
	rootObject = FABCE623247C8234007F230D /* Project object */;
}
